
Microsoft Visual Studio Solution File, Format Version 12.00
# Visual Studio Version 17
VisualStudioVersion = 17.9.34723.18
MinimumVisualStudioVersion = 10.0.40219.1
Project("{FAE04EC0-301F-11D3-BF4B-00C04F79EFBC}") = "Prototipo.Curso.MVC.Web", "Prototipo.Curso.MVC.Web\Prototipo.Curso.MVC.Web.csproj", "{1B064ADE-BCBC-4194-A35C-BD09BD247AE2}"
EndProject
Project("{FAE04EC0-301F-11D3-BF4B-00C04F79EFBC}") = "Prototipo.Curso.MVC.Dominio", "Prototipo.Curso.MVC.Dominio\Prototipo.Curso.MVC.Dominio.csproj", "{328CF6D3-72B1-4C8C-A874-55BB357AB04E}"
EndProject
Project("{FAE04EC0-301F-11D3-BF4B-00C04F79EFBC}") = "Prototipo.Curso.MVC.Dados", "Prototipo.Curso.MVC.Dados\Prototipo.Curso.MVC.Dados.csproj", "{448571FA-F857-4380-9718-4BA1C74C6850}"
EndProject
Global
	GlobalSection(SolutionConfigurationPlatforms) = preSolution
		Debug|Any CPU = Debug|Any CPU
		Release|Any CPU = Release|Any CPU
	EndGlobalSection
	GlobalSection(ProjectConfigurationPlatforms) = postSolution
		{1B064ADE-BCBC-4194-A35C-BD09BD247AE2}.Debug|Any CPU.ActiveCfg = Debug|Any CPU
		{1B064ADE-BCBC-4194-A35C-BD09BD247AE2}.Debug|Any CPU.Build.0 = Debug|Any CPU
		{1B064ADE-BCBC-4194-A35C-BD09BD247AE2}.Release|Any CPU.ActiveCfg = Release|Any CPU
		{1B064ADE-BCBC-4194-A35C-BD09BD247AE2}.Release|Any CPU.Build.0 = Release|Any CPU
		{328CF6D3-72B1-4C8C-A874-55BB357AB04E}.Debug|Any CPU.ActiveCfg = Debug|Any CPU
		{328CF6D3-72B1-4C8C-A874-55BB357AB04E}.Debug|Any CPU.Build.0 = Debug|Any CPU
		{328CF6D3-72B1-4C8C-A874-55BB357AB04E}.Release|Any CPU.ActiveCfg = Release|Any CPU
		{328CF6D3-72B1-4C8C-A874-55BB357AB04E}.Release|Any CPU.Build.0 = Release|Any CPU
		{448571FA-F857-4380-9718-4BA1C74C6850}.Debug|Any CPU.ActiveCfg = Debug|Any CPU
		{448571FA-F857-4380-9718-4BA1C74C6850}.Debug|Any CPU.Build.0 = Debug|Any CPU
		{448571FA-F857-4380-9718-4BA1C74C6850}.Release|Any CPU.ActiveCfg = Release|Any CPU
		{448571FA-F857-4380-9718-4BA1C74C6850}.Release|Any CPU.Build.0 = Release|Any CPU
	EndGlobalSection
	GlobalSection(SolutionProperties) = preSolution
		HideSolutionNode = FALSE
	EndGlobalSection
	GlobalSection(ExtensibilityGlobals) = postSolution
		SolutionGuid = {847CA213-1393-4239-8998-49B4669648FD}
	EndGlobalSection
EndGlobal
